// !$*UTF8*$!
{
	archiveVersion = 1;
	classes = {
	};
	objectVersion = 46;
	objects = {

/* Begin PBXBuildFile section */
		1D60589F0D05DD5A006BFB54 /* Foundation.framework in Frameworks */ = {isa = PBXBuildFile; fileRef = 1D30AB110D05D00D00671497 /* Foundation.framework */; };
		1DF5F4E00D08C38300B7A737 /* UIKit.framework in Frameworks */ = {isa = PBXBuildFile; fileRef = 1DF5F4DF0D08C38300B7A737 /* UIKit.framework */; settings = {ATTRIBUTES = (Required, ); }; };
		632D414A137B338C0030B9BF /* Icon-72.png in Resources */ = {isa = PBXBuildFile; fileRef = 632D4102137B338C0030B9BF /* Icon-72.png */; };
		632D414B137B338C0030B9BF /* Icon-Small-50.png in Resources */ = {isa = PBXBuildFile; fileRef = 632D4103137B338C0030B9BF /* Icon-Small-50.png */; };
		632D414C137B338C0030B9BF /* Icon-Small.png in Resources */ = {isa = PBXBuildFile; fileRef = 632D4104137B338C0030B9BF /* Icon-Small.png */; };
		632D414D137B338C0030B9BF /* Icon-Small@2x.png in Resources */ = {isa = PBXBuildFile; fileRef = 632D4105137B338C0030B9BF /* Icon-Small@2x.png */; };
		632D414E137B338C0030B9BF /* Icon.icns in Resources */ = {isa = PBXBuildFile; fileRef = 632D4106137B338C0030B9BF /* Icon.icns */; };
		632D414F137B338C0030B9BF /* Icon.png in Resources */ = {isa = PBXBuildFile; fileRef = 632D4107137B338C0030B9BF /* Icon.png */; };
		632D4150137B338C0030B9BF /* Icon@2x.png in Resources */ = {isa = PBXBuildFile; fileRef = 632D4108137B338C0030B9BF /* Icon@2x.png */; };
		632D4151137B338C0030B9BF /* iTunesArtwork in Resources */ = {isa = PBXBuildFile; fileRef = 632D4109137B338C0030B9BF /* iTunesArtwork */; };
		632D4152137B338C0030B9BF /* File@2x.png in Resources */ = {isa = PBXBuildFile; fileRef = 632D410D137B338C0030B9BF /* File@2x.png */; };
		632D4153137B338C0030B9BF /* Folder@2x.png in Resources */ = {isa = PBXBuildFile; fileRef = 632D410E137B338C0030B9BF /* Folder@2x.png */; };
		632D4154137B338C0030B9BF /* Image@2x.png in Resources */ = {isa = PBXBuildFile; fileRef = 632D410F137B338C0030B9BF /* Image@2x.png */; };
		632D4155137B338C0030B9BF /* Pdf@2x.png in Resources */ = {isa = PBXBuildFile; fileRef = 632D4110137B338C0030B9BF /* Pdf@2x.png */; };
		632D4156137B338C0030B9BF /* RichText@2x.png in Resources */ = {isa = PBXBuildFile; fileRef = 632D4111137B338C0030B9BF /* RichText@2x.png */; };
		632D4157137B338C0030B9BF /* Text@2x.png in Resources */ = {isa = PBXBuildFile; fileRef = 632D4112137B338C0030B9BF /* Text@2x.png */; };
		632D4158137B338C0030B9BF /* File.png in Resources */ = {isa = PBXBuildFile; fileRef = 632D4114137B338C0030B9BF /* File.png */; };
		632D4159137B338C0030B9BF /* Folder.png in Resources */ = {isa = PBXBuildFile; fileRef = 632D4115137B338C0030B9BF /* Folder.png */; };
		632D415A137B338C0030B9BF /* Image.png in Resources */ = {isa = PBXBuildFile; fileRef = 632D4116137B338C0030B9BF /* Image.png */; };
		632D415B137B338C0030B9BF /* Pdf.png in Resources */ = {isa = PBXBuildFile; fileRef = 632D4117137B338C0030B9BF /* Pdf.png */; };
		632D415C137B338C0030B9BF /* RichText.png in Resources */ = {isa = PBXBuildFile; fileRef = 632D4118137B338C0030B9BF /* RichText.png */; };
		632D415D137B338C0030B9BF /* Text.png in Resources */ = {isa = PBXBuildFile; fileRef = 632D4119137B338C0030B9BF /* Text.png */; };
		632D415E137B338C0030B9BF /* popup-placeholder.png in Resources */ = {isa = PBXBuildFile; fileRef = 632D411B137B338C0030B9BF /* popup-placeholder.png */; };
		632D415F137B338C0030B9BF /* action.png in Resources */ = {isa = PBXBuildFile; fileRef = 632D411D137B338C0030B9BF /* action.png */; };
		632D4160137B338C0030B9BF /* action@2x.png in Resources */ = {isa = PBXBuildFile; fileRef = 632D411E137B338C0030B9BF /* action@2x.png */; };
		632D4161137B338C0030B9BF /* at.png in Resources */ = {isa = PBXBuildFile; fileRef = 632D411F137B338C0030B9BF /* at.png */; };
		632D4162137B338C0030B9BF /* at@2x.png in Resources */ = {isa = PBXBuildFile; fileRef = 632D4120137B338C0030B9BF /* at@2x.png */; };
		632D4163137B338C0030B9BF /* cog.png in Resources */ = {isa = PBXBuildFile; fileRef = 632D4121137B338C0030B9BF /* cog.png */; };
		632D4164137B338C0030B9BF /* cog@2x.png in Resources */ = {isa = PBXBuildFile; fileRef = 632D4122137B338C0030B9BF /* cog@2x.png */; };
		632D4165137B338C0030B9BF /* documents.png in Resources */ = {isa = PBXBuildFile; fileRef = 632D4123137B338C0030B9BF /* documents.png */; };
		632D4166137B338C0030B9BF /* documents@2x.png in Resources */ = {isa = PBXBuildFile; fileRef = 632D4124137B338C0030B9BF /* documents@2x.png */; };
		632D4167137B338C0030B9BF /* history.png in Resources */ = {isa = PBXBuildFile; fileRef = 632D4125137B338C0030B9BF /* history.png */; };
		632D4168137B338C0030B9BF /* history@2x.png in Resources */ = {isa = PBXBuildFile; fileRef = 632D4126137B338C0030B9BF /* history@2x.png */; };
		632D4169137B338C0030B9BF /* map.png in Resources */ = {isa = PBXBuildFile; fileRef = 632D4127137B338C0030B9BF /* map.png */; };
		632D416A137B338C0030B9BF /* map@2x.png in Resources */ = {isa = PBXBuildFile; fileRef = 632D4128137B338C0030B9BF /* map@2x.png */; };
		632D416B137B338C0030B9BF /* modal.png in Resources */ = {isa = PBXBuildFile; fileRef = 632D4129137B338C0030B9BF /* modal.png */; };
		632D416C137B338C0030B9BF /* modal@2x.png in Resources */ = {isa = PBXBuildFile; fileRef = 632D412A137B338C0030B9BF /* modal@2x.png */; };
		632D416D137B338C0030B9BF /* popup.png in Resources */ = {isa = PBXBuildFile; fileRef = 632D412B137B338C0030B9BF /* popup.png */; };
		632D416E137B338C0030B9BF /* popup@2x.png in Resources */ = {isa = PBXBuildFile; fileRef = 632D412C137B338C0030B9BF /* popup@2x.png */; };
		632D416F137B338C0030B9BF /* preview.png in Resources */ = {isa = PBXBuildFile; fileRef = 632D412D137B338C0030B9BF /* preview.png */; };
		632D4170137B338C0030B9BF /* preview@2x.png in Resources */ = {isa = PBXBuildFile; fileRef = 632D412E137B338C0030B9BF /* preview@2x.png */; };
		632D4171137B338C0030B9BF /* public.png in Resources */ = {isa = PBXBuildFile; fileRef = 632D412F137B338C0030B9BF /* public.png */; };
		632D4172137B338C0030B9BF /* public@2x.png in Resources */ = {isa = PBXBuildFile; fileRef = 632D4130137B338C0030B9BF /* public@2x.png */; };
		632D4173137B338C0030B9BF /* routes.png in Resources */ = {isa = PBXBuildFile; fileRef = 632D4131137B338C0030B9BF /* routes.png */; };
		632D4174137B338C0030B9BF /* routes@2x.png in Resources */ = {isa = PBXBuildFile; fileRef = 632D4132137B338C0030B9BF /* routes@2x.png */; };
		632D4175137B338C0030B9BF /* sendto.png in Resources */ = {isa = PBXBuildFile; fileRef = 632D4133137B338C0030B9BF /* sendto.png */; };
		632D4176137B338C0030B9BF /* sendto@2x.png in Resources */ = {isa = PBXBuildFile; fileRef = 632D4134137B338C0030B9BF /* sendto@2x.png */; };
		632D4177137B338C0030B9BF /* DividerShow.png in Resources */ = {isa = PBXBuildFile; fileRef = 632D4136137B338C0030B9BF /* DividerShow.png */; };
		632D4178137B338C0030B9BF /* DividerShow@2x.png in Resources */ = {isa = PBXBuildFile; fileRef = 632D4137137B338C0030B9BF /* DividerShow@2x.png */; };
		632D4179137B338C0030B9BF /* FullScreen.png in Resources */ = {isa = PBXBuildFile; fileRef = 632D4138137B338C0030B9BF /* FullScreen.png */; };
		632D417A137B338C0030B9BF /* FullScreen@2x.png in Resources */ = {isa = PBXBuildFile; fileRef = 632D4139137B338C0030B9BF /* FullScreen@2x.png */; };
		632D417B137B338C0030B9BF /* MasterArrow-Bottom.png in Resources */ = {isa = PBXBuildFile; fileRef = 632D413A137B338C0030B9BF /* MasterArrow-Bottom.png */; };
		632D417C137B338C0030B9BF /* MasterArrow-Bottom@2x.png in Resources */ = {isa = PBXBuildFile; fileRef = 632D413B137B338C0030B9BF /* MasterArrow-Bottom@2x.png */; };
		632D417D137B338C0030B9BF /* MasterArrow-Left.png in Resources */ = {isa = PBXBuildFile; fileRef = 632D413C137B338C0030B9BF /* MasterArrow-Left.png */; };
		632D417E137B338C0030B9BF /* MasterArrow-Left@2x.png in Resources */ = {isa = PBXBuildFile; fileRef = 632D413D137B338C0030B9BF /* MasterArrow-Left@2x.png */; };
		632D417F137B338C0030B9BF /* MasterArrow-Right.png in Resources */ = {isa = PBXBuildFile; fileRef = 632D413E137B338C0030B9BF /* MasterArrow-Right.png */; };
		632D4180137B338C0030B9BF /* MasterArrow-Right@2x.png in Resources */ = {isa = PBXBuildFile; fileRef = 632D413F137B338C0030B9BF /* MasterArrow-Right@2x.png */; };
		632D4181137B338C0030B9BF /* MasterArrow-Top.png in Resources */ = {isa = PBXBuildFile; fileRef = 632D4140137B338C0030B9BF /* MasterArrow-Top.png */; };
		632D4182137B338C0030B9BF /* MasterArrow-Top@2x.png in Resources */ = {isa = PBXBuildFile; fileRef = 632D4141137B338C0030B9BF /* MasterArrow-Top@2x.png */; };
		632D4183137B338C0030B9BF /* Default@2x~iphone.png in Resources */ = {isa = PBXBuildFile; fileRef = 632D4143137B338C0030B9BF /* Default@2x~iphone.png */; };
		632D4184137B338C0030B9BF /* Default~iphone.png in Resources */ = {isa = PBXBuildFile; fileRef = 632D4144137B338C0030B9BF /* Default~iphone.png */; };
		632D4185137B338C0030B9BF /* LaunchPad-Landscape.png in Resources */ = {isa = PBXBuildFile; fileRef = 632D4145137B338C0030B9BF /* LaunchPad-Landscape.png */; };
		632D4186137B338C0030B9BF /* LaunchPad-Portrait.png in Resources */ = {isa = PBXBuildFile; fileRef = 632D4146137B338C0030B9BF /* LaunchPad-Portrait.png */; };
		632D4188137B338C0030B9BF /* UserDefaults.plist in Resources */ = {isa = PBXBuildFile; fileRef = 632D4149137B338C0030B9BF /* UserDefaults.plist */; };
		632D41A0137B33B90030B9BF /* NVCApplicationDelegate.m in Sources */ = {isa = PBXBuildFile; fileRef = 632D418B137B33B90030B9BF /* NVCApplicationDelegate.m */; };
		632D41A1137B33B90030B9BF /* NVCUserDefaults.m in Sources */ = {isa = PBXBuildFile; fileRef = 632D418D137B33B90030B9BF /* NVCUserDefaults.m */; };
		632D41A2137B33B90030B9BF /* NVCContentTableViewController.m in Sources */ = {isa = PBXBuildFile; fileRef = 632D4190137B33B90030B9BF /* NVCContentTableViewController.m */; };
		632D41A3137B33B90030B9BF /* NVCDetailViewController.m in Sources */ = {isa = PBXBuildFile; fileRef = 632D4192137B33B90030B9BF /* NVCDetailViewController.m */; };
		632D41A4137B33B90030B9BF /* NVCDocumentsFolderViewController.m in Sources */ = {isa = PBXBuildFile; fileRef = 632D4194137B33B90030B9BF /* NVCDocumentsFolderViewController.m */; };
		632D41A5137B33B90030B9BF /* NVCHistoryViewController.m in Sources */ = {isa = PBXBuildFile; fileRef = 632D4196137B33B90030B9BF /* NVCHistoryViewController.m */; };
		632D41A6137B33B90030B9BF /* NVCMappingTableViewController.m in Sources */ = {isa = PBXBuildFile; fileRef = 632D4198137B33B90030B9BF /* NVCMappingTableViewController.m */; };
		632D41A7137B33B90030B9BF /* NVCNavigationBarViewController.m in Sources */ = {isa = PBXBuildFile; fileRef = 632D419A137B33B90030B9BF /* NVCNavigationBarViewController.m */; };
		632D41A8137B33B90030B9BF /* NVCSettingsViewController.m in Sources */ = {isa = PBXBuildFile; fileRef = 632D419C137B33B90030B9BF /* NVCSettingsViewController.m */; };
		632D41A9137B33B90030B9BF /* NVCBackgroundView.m in Sources */ = {isa = PBXBuildFile; fileRef = 632D419F137B33B90030B9BF /* NVCBackgroundView.m */; };
		63695E2012492DC200393B5A /* MobileCoreServices.framework in Frameworks */ = {isa = PBXBuildFile; fileRef = 6384383C1040F1D700D29404 /* MobileCoreServices.framework */; };
		6384383F1040F1D700D29404 /* QuartzCore.framework in Frameworks */ = {isa = PBXBuildFile; fileRef = 6384383E1040F1D700D29404 /* QuartzCore.framework */; };
		6384395E1040F72D00D29404 /* main.m in Sources */ = {isa = PBXBuildFile; fileRef = 638438161040EB5400D29404 /* main.m */; };
		6384395F1040F75F00D29404 /* Localizable.strings in Resources */ = {isa = PBXBuildFile; fileRef = 6384381B1040EB5400D29404 /* Localizable.strings */; };
		638439601040F76100D29404 /* InfoPlist.strings in Resources */ = {isa = PBXBuildFile; fileRef = 638438191040EB5400D29404 /* InfoPlist.strings */; };
		638F2F1B108AD8DF0021685E /* Settings.bundle in Resources */ = {isa = PBXBuildFile; fileRef = 638F2F1A108AD8DF0021685E /* Settings.bundle */; };
		63B38E3B1246243400060941 /* CoreGraphics.framework in Frameworks */ = {isa = PBXBuildFile; fileRef = 288765FC0DF74451002DB57D /* CoreGraphics.framework */; };
/* End PBXBuildFile section */

/* Begin PBXFileReference section */
		1D30AB110D05D00D00671497 /* Foundation.framework */ = {isa = PBXFileReference; lastKnownFileType = wrapper.framework; name = Foundation.framework; path = System/Library/Frameworks/Foundation.framework; sourceTree = SDKROOT; };
		1D6058910D05DD3D006BFB54 /* Navigator.app */ = {isa = PBXFileReference; explicitFileType = wrapper.application; includeInIndex = 0; path = Navigator.app; sourceTree = BUILT_PRODUCTS_DIR; };
		1DF5F4DF0D08C38300B7A737 /* UIKit.framework */ = {isa = PBXFileReference; lastKnownFileType = wrapper.framework; name = UIKit.framework; path = System/Library/Frameworks/UIKit.framework; sourceTree = SDKROOT; };
		288765FC0DF74451002DB57D /* CoreGraphics.framework */ = {isa = PBXFileReference; lastKnownFileType = wrapper.framework; name = CoreGraphics.framework; path = System/Library/Frameworks/CoreGraphics.framework; sourceTree = SDKROOT; };
		632D40F8137B32500030B9BF /* Debug.xcconfig */ = {isa = PBXFileReference; lastKnownFileType = text.xcconfig; path = Debug.xcconfig; sourceTree = "<group>"; };
		632D40F9137B32500030B9BF /* Release.xcconfig */ = {isa = PBXFileReference; lastKnownFileType = text.xcconfig; path = Release.xcconfig; sourceTree = "<group>"; };
		632D4102137B338C0030B9BF /* Icon-72.png */ = {isa = PBXFileReference; lastKnownFileType = image.png; path = "Icon-72.png"; sourceTree = "<group>"; };
		632D4103137B338C0030B9BF /* Icon-Small-50.png */ = {isa = PBXFileReference; lastKnownFileType = image.png; path = "Icon-Small-50.png"; sourceTree = "<group>"; };
		632D4104137B338C0030B9BF /* Icon-Small.png */ = {isa = PBXFileReference; lastKnownFileType = image.png; path = "Icon-Small.png"; sourceTree = "<group>"; };
		632D4105137B338C0030B9BF /* Icon-Small@2x.png */ = {isa = PBXFileReference; lastKnownFileType = image.png; path = "Icon-Small@2x.png"; sourceTree = "<group>"; };
		632D4106137B338C0030B9BF /* Icon.icns */ = {isa = PBXFileReference; lastKnownFileType = image.icns; path = Icon.icns; sourceTree = "<group>"; };
		632D4107137B338C0030B9BF /* Icon.png */ = {isa = PBXFileReference; lastKnownFileType = image.png; path = Icon.png; sourceTree = "<group>"; };
		632D4108137B338C0030B9BF /* Icon@2x.png */ = {isa = PBXFileReference; lastKnownFileType = image.png; path = "Icon@2x.png"; sourceTree = "<group>"; };
		632D4109137B338C0030B9BF /* iTunesArtwork */ = {isa = PBXFileReference; lastKnownFileType = file; path = iTunesArtwork; sourceTree = "<group>"; };
		632D410D137B338C0030B9BF /* File@2x.png */ = {isa = PBXFileReference; lastKnownFileType = image.png; path = "File@2x.png"; sourceTree = "<group>"; };
		632D410E137B338C0030B9BF /* Folder@2x.png */ = {isa = PBXFileReference; lastKnownFileType = image.png; path = "Folder@2x.png"; sourceTree = "<group>"; };
		632D410F137B338C0030B9BF /* Image@2x.png */ = {isa = PBXFileReference; lastKnownFileType = image.png; path = "Image@2x.png"; sourceTree = "<group>"; };
		632D4110137B338C0030B9BF /* Pdf@2x.png */ = {isa = PBXFileReference; lastKnownFileType = image.png; path = "Pdf@2x.png"; sourceTree = "<group>"; };
		632D4111137B338C0030B9BF /* RichText@2x.png */ = {isa = PBXFileReference; lastKnownFileType = image.png; path = "RichText@2x.png"; sourceTree = "<group>"; };
		632D4112137B338C0030B9BF /* Text@2x.png */ = {isa = PBXFileReference; lastKnownFileType = image.png; path = "Text@2x.png"; sourceTree = "<group>"; };
		632D4114137B338C0030B9BF /* File.png */ = {isa = PBXFileReference; lastKnownFileType = image.png; path = File.png; sourceTree = "<group>"; };
		632D4115137B338C0030B9BF /* Folder.png */ = {isa = PBXFileReference; lastKnownFileType = image.png; path = Folder.png; sourceTree = "<group>"; };
		632D4116137B338C0030B9BF /* Image.png */ = {isa = PBXFileReference; lastKnownFileType = image.png; path = Image.png; sourceTree = "<group>"; };
		632D4117137B338C0030B9BF /* Pdf.png */ = {isa = PBXFileReference; lastKnownFileType = image.png; path = Pdf.png; sourceTree = "<group>"; };
		632D4118137B338C0030B9BF /* RichText.png */ = {isa = PBXFileReference; lastKnownFileType = image.png; path = RichText.png; sourceTree = "<group>"; };
		632D4119137B338C0030B9BF /* Text.png */ = {isa = PBXFileReference; lastKnownFileType = image.png; path = Text.png; sourceTree = "<group>"; };
		632D411B137B338C0030B9BF /* popup-placeholder.png */ = {isa = PBXFileReference; lastKnownFileType = image.png; path = "popup-placeholder.png"; sourceTree = "<group>"; };
		632D411D137B338C0030B9BF /* action.png */ = {isa = PBXFileReference; lastKnownFileType = image.png; path = action.png; sourceTree = "<group>"; };
		632D411E137B338C0030B9BF /* action@2x.png */ = {isa = PBXFileReference; lastKnownFileType = image.png; path = "action@2x.png"; sourceTree = "<group>"; };
		632D411F137B338C0030B9BF /* at.png */ = {isa = PBXFileReference; lastKnownFileType = image.png; path = at.png; sourceTree = "<group>"; };
		632D4120137B338C0030B9BF /* at@2x.png */ = {isa = PBXFileReference; lastKnownFileType = image.png; path = "at@2x.png"; sourceTree = "<group>"; };
		632D4121137B338C0030B9BF /* cog.png */ = {isa = PBXFileReference; lastKnownFileType = image.png; path = cog.png; sourceTree = "<group>"; };
		632D4122137B338C0030B9BF /* cog@2x.png */ = {isa = PBXFileReference; lastKnownFileType = image.png; path = "cog@2x.png"; sourceTree = "<group>"; };
		632D4123137B338C0030B9BF /* documents.png */ = {isa = PBXFileReference; lastKnownFileType = image.png; path = documents.png; sourceTree = "<group>"; };
		632D4124137B338C0030B9BF /* documents@2x.png */ = {isa = PBXFileReference; lastKnownFileType = image.png; path = "documents@2x.png"; sourceTree = "<group>"; };
		632D4125137B338C0030B9BF /* history.png */ = {isa = PBXFileReference; lastKnownFileType = image.png; path = history.png; sourceTree = "<group>"; };
		632D4126137B338C0030B9BF /* history@2x.png */ = {isa = PBXFileReference; lastKnownFileType = image.png; path = "history@2x.png"; sourceTree = "<group>"; };
		632D4127137B338C0030B9BF /* map.png */ = {isa = PBXFileReference; lastKnownFileType = image.png; path = map.png; sourceTree = "<group>"; };
		632D4128137B338C0030B9BF /* map@2x.png */ = {isa = PBXFileReference; lastKnownFileType = image.png; path = "map@2x.png"; sourceTree = "<group>"; };
		632D4129137B338C0030B9BF /* modal.png */ = {isa = PBXFileReference; lastKnownFileType = image.png; path = modal.png; sourceTree = "<group>"; };
		632D412A137B338C0030B9BF /* modal@2x.png */ = {isa = PBXFileReference; lastKnownFileType = image.png; path = "modal@2x.png"; sourceTree = "<group>"; };
		632D412B137B338C0030B9BF /* popup.png */ = {isa = PBXFileReference; lastKnownFileType = image.png; path = popup.png; sourceTree = "<group>"; };
		632D412C137B338C0030B9BF /* popup@2x.png */ = {isa = PBXFileReference; lastKnownFileType = image.png; path = "popup@2x.png"; sourceTree = "<group>"; };
		632D412D137B338C0030B9BF /* preview.png */ = {isa = PBXFileReference; lastKnownFileType = image.png; path = preview.png; sourceTree = "<group>"; };
		632D412E137B338C0030B9BF /* preview@2x.png */ = {isa = PBXFileReference; lastKnownFileType = image.png; path = "preview@2x.png"; sourceTree = "<group>"; };
		632D412F137B338C0030B9BF /* public.png */ = {isa = PBXFileReference; lastKnownFileType = image.png; path = public.png; sourceTree = "<group>"; };
		632D4130137B338C0030B9BF /* public@2x.png */ = {isa = PBXFileReference; lastKnownFileType = image.png; path = "public@2x.png"; sourceTree = "<group>"; };
		632D4131137B338C0030B9BF /* routes.png */ = {isa = PBXFileReference; lastKnownFileType = image.png; path = routes.png; sourceTree = "<group>"; };
		632D4132137B338C0030B9BF /* routes@2x.png */ = {isa = PBXFileReference; lastKnownFileType = image.png; path = "routes@2x.png"; sourceTree = "<group>"; };
		632D4133137B338C0030B9BF /* sendto.png */ = {isa = PBXFileReference; lastKnownFileType = image.png; path = sendto.png; sourceTree = "<group>"; };
		632D4134137B338C0030B9BF /* sendto@2x.png */ = {isa = PBXFileReference; lastKnownFileType = image.png; path = "sendto@2x.png"; sourceTree = "<group>"; };
		632D4136137B338C0030B9BF /* DividerShow.png */ = {isa = PBXFileReference; lastKnownFileType = image.png; path = DividerShow.png; sourceTree = "<group>"; };
		632D4137137B338C0030B9BF /* DividerShow@2x.png */ = {isa = PBXFileReference; lastKnownFileType = image.png; path = "DividerShow@2x.png"; sourceTree = "<group>"; };
		632D4138137B338C0030B9BF /* FullScreen.png */ = {isa = PBXFileReference; lastKnownFileType = image.png; path = FullScreen.png; sourceTree = "<group>"; };
		632D4139137B338C0030B9BF /* FullScreen@2x.png */ = {isa = PBXFileReference; lastKnownFileType = image.png; path = "FullScreen@2x.png"; sourceTree = "<group>"; };
		632D413A137B338C0030B9BF /* MasterArrow-Bottom.png */ = {isa = PBXFileReference; lastKnownFileType = image.png; path = "MasterArrow-Bottom.png"; sourceTree = "<group>"; };
		632D413B137B338C0030B9BF /* MasterArrow-Bottom@2x.png */ = {isa = PBXFileReference; lastKnownFileType = image.png; path = "MasterArrow-Bottom@2x.png"; sourceTree = "<group>"; };
		632D413C137B338C0030B9BF /* MasterArrow-Left.png */ = {isa = PBXFileReference; lastKnownFileType = image.png; path = "MasterArrow-Left.png"; sourceTree = "<group>"; };
		632D413D137B338C0030B9BF /* MasterArrow-Left@2x.png */ = {isa = PBXFileReference; lastKnownFileType = image.png; path = "MasterArrow-Left@2x.png"; sourceTree = "<group>"; };
		632D413E137B338C0030B9BF /* MasterArrow-Right.png */ = {isa = PBXFileReference; lastKnownFileType = image.png; path = "MasterArrow-Right.png"; sourceTree = "<group>"; };
		632D413F137B338C0030B9BF /* MasterArrow-Right@2x.png */ = {isa = PBXFileReference; lastKnownFileType = image.png; path = "MasterArrow-Right@2x.png"; sourceTree = "<group>"; };
		632D4140137B338C0030B9BF /* MasterArrow-Top.png */ = {isa = PBXFileReference; lastKnownFileType = image.png; path = "MasterArrow-Top.png"; sourceTree = "<group>"; };
		632D4141137B338C0030B9BF /* MasterArrow-Top@2x.png */ = {isa = PBXFileReference; lastKnownFileType = image.png; path = "MasterArrow-Top@2x.png"; sourceTree = "<group>"; };
		632D4143137B338C0030B9BF /* Default@2x~iphone.png */ = {isa = PBXFileReference; lastKnownFileType = image.png; path = "Default@2x~iphone.png"; sourceTree = "<group>"; };
		632D4144137B338C0030B9BF /* Default~iphone.png */ = {isa = PBXFileReference; lastKnownFileType = image.png; path = "Default~iphone.png"; sourceTree = "<group>"; };
		632D4145137B338C0030B9BF /* LaunchPad-Landscape.png */ = {isa = PBXFileReference; lastKnownFileType = image.png; path = "LaunchPad-Landscape.png"; sourceTree = "<group>"; };
		632D4146137B338C0030B9BF /* LaunchPad-Portrait.png */ = {isa = PBXFileReference; lastKnownFileType = image.png; path = "LaunchPad-Portrait.png"; sourceTree = "<group>"; };
		632D4148137B338C0030B9BF /* Info.plist */ = {isa = PBXFileReference; fileEncoding = 4; lastKnownFileType = text.plist.xml; path = Info.plist; sourceTree = "<group>"; };
		632D4149137B338C0030B9BF /* UserDefaults.plist */ = {isa = PBXFileReference; fileEncoding = 4; lastKnownFileType = text.plist.xml; path = UserDefaults.plist; sourceTree = "<group>"; };
		632D418A137B33B90030B9BF /* NVCApplicationDelegate.h */ = {isa = PBXFileReference; fileEncoding = 4; lastKnownFileType = sourcecode.c.h; path = NVCApplicationDelegate.h; sourceTree = "<group>"; };
		632D418B137B33B90030B9BF /* NVCApplicationDelegate.m */ = {isa = PBXFileReference; fileEncoding = 4; lastKnownFileType = sourcecode.c.objc; path = NVCApplicationDelegate.m; sourceTree = "<group>"; };
		632D418C137B33B90030B9BF /* NVCUserDefaults.h */ = {isa = PBXFileReference; fileEncoding = 4; lastKnownFileType = sourcecode.c.h; path = NVCUserDefaults.h; sourceTree = "<group>"; };
		632D418D137B33B90030B9BF /* NVCUserDefaults.m */ = {isa = PBXFileReference; fileEncoding = 4; lastKnownFileType = sourcecode.c.objc; path = NVCUserDefaults.m; sourceTree = "<group>"; };
		632D418F137B33B90030B9BF /* NVCContentTableViewController.h */ = {isa = PBXFileReference; fileEncoding = 4; lastKnownFileType = sourcecode.c.h; path = NVCContentTableViewController.h; sourceTree = "<group>"; };
		632D4190137B33B90030B9BF /* NVCContentTableViewController.m */ = {isa = PBXFileReference; fileEncoding = 4; lastKnownFileType = sourcecode.c.objc; path = NVCContentTableViewController.m; sourceTree = "<group>"; };
		632D4191137B33B90030B9BF /* NVCDetailViewController.h */ = {isa = PBXFileReference; fileEncoding = 4; lastKnownFileType = sourcecode.c.h; path = NVCDetailViewController.h; sourceTree = "<group>"; };
		632D4192137B33B90030B9BF /* NVCDetailViewController.m */ = {isa = PBXFileReference; fileEncoding = 4; lastKnownFileType = sourcecode.c.objc; path = NVCDetailViewController.m; sourceTree = "<group>"; };
		632D4193137B33B90030B9BF /* NVCDocumentsFolderViewController.h */ = {isa = PBXFileReference; fileEncoding = 4; lastKnownFileType = sourcecode.c.h; path = NVCDocumentsFolderViewController.h; sourceTree = "<group>"; };
		632D4194137B33B90030B9BF /* NVCDocumentsFolderViewController.m */ = {isa = PBXFileReference; fileEncoding = 4; lastKnownFileType = sourcecode.c.objc; path = NVCDocumentsFolderViewController.m; sourceTree = "<group>"; };
		632D4195137B33B90030B9BF /* NVCHistoryViewController.h */ = {isa = PBXFileReference; fileEncoding = 4; lastKnownFileType = sourcecode.c.h; path = NVCHistoryViewController.h; sourceTree = "<group>"; };
		632D4196137B33B90030B9BF /* NVCHistoryViewController.m */ = {isa = PBXFileReference; fileEncoding = 4; lastKnownFileType = sourcecode.c.objc; path = NVCHistoryViewController.m; sourceTree = "<group>"; };
		632D4197137B33B90030B9BF /* NVCMappingTableViewController.h */ = {isa = PBXFileReference; fileEncoding = 4; lastKnownFileType = sourcecode.c.h; path = NVCMappingTableViewController.h; sourceTree = "<group>"; };
		632D4198137B33B90030B9BF /* NVCMappingTableViewController.m */ = {isa = PBXFileReference; fileEncoding = 4; lastKnownFileType = sourcecode.c.objc; path = NVCMappingTableViewController.m; sourceTree = "<group>"; };
		632D4199137B33B90030B9BF /* NVCNavigationBarViewController.h */ = {isa = PBXFileReference; fileEncoding = 4; lastKnownFileType = sourcecode.c.h; path = NVCNavigationBarViewController.h; sourceTree = "<group>"; };
		632D419A137B33B90030B9BF /* NVCNavigationBarViewController.m */ = {isa = PBXFileReference; fileEncoding = 4; lastKnownFileType = sourcecode.c.objc; path = NVCNavigationBarViewController.m; sourceTree = "<group>"; };
		632D419B137B33B90030B9BF /* NVCSettingsViewController.h */ = {isa = PBXFileReference; fileEncoding = 4; lastKnownFileType = sourcecode.c.h; path = NVCSettingsViewController.h; sourceTree = "<group>"; };
		632D419C137B33B90030B9BF /* NVCSettingsViewController.m */ = {isa = PBXFileReference; fileEncoding = 4; lastKnownFileType = sourcecode.c.objc; path = NVCSettingsViewController.m; sourceTree = "<group>"; };
		632D419E137B33B90030B9BF /* NVCBackgroundView.h */ = {isa = PBXFileReference; fileEncoding = 4; lastKnownFileType = sourcecode.c.h; path = NVCBackgroundView.h; sourceTree = "<group>"; };
		632D419F137B33B90030B9BF /* NVCBackgroundView.m */ = {isa = PBXFileReference; fileEncoding = 4; lastKnownFileType = sourcecode.c.objc; path = NVCBackgroundView.m; sourceTree = "<group>"; };
		638438061040EB4100D29404 /* Application.xcconfig */ = {isa = PBXFileReference; fileEncoding = 4; lastKnownFileType = text.xcconfig; name = Application.xcconfig; path = Configurations/Application.xcconfig; sourceTree = SOURCE_ROOT; };
		638438071040EB4100D29404 /* Project.xcconfig */ = {isa = PBXFileReference; fileEncoding = 4; lastKnownFileType = text.xcconfig; name = Project.xcconfig; path = Configurations/Project.xcconfig; sourceTree = SOURCE_ROOT; };
		638438151040EB5400D29404 /* NavigatorCatalog.pch */ = {isa = PBXFileReference; fileEncoding = 4; lastKnownFileType = sourcecode.c.h; name = NavigatorCatalog.pch; path = Source/Project/NavigatorCatalog.pch; sourceTree = SOURCE_ROOT; };
		638438161040EB5400D29404 /* main.m */ = {isa = PBXFileReference; fileEncoding = 4; lastKnownFileType = sourcecode.c.objc; name = main.m; path = Source/Project/main.m; sourceTree = SOURCE_ROOT; };
		6384381A1040EB5400D29404 /* en */ = {isa = PBXFileReference; fileEncoding = 10; lastKnownFileType = text.plist.strings; name = en; path = en.lproj/InfoPlist.strings; sourceTree = "<group>"; };
		6384381C1040EB5400D29404 /* en */ = {isa = PBXFileReference; fileEncoding = 10; lastKnownFileType = text.plist.strings; name = en; path = en.lproj/Localizable.strings; sourceTree = "<group>"; };
		6384382A1040F1D700D29404 /* AVFoundation.framework */ = {isa = PBXFileReference; lastKnownFileType = wrapper.framework; name = AVFoundation.framework; path = System/Library/Frameworks/AVFoundation.framework; sourceTree = SDKROOT; };
		6384382C1040F1D700D29404 /* CFNetwork.framework */ = {isa = PBXFileReference; lastKnownFileType = wrapper.framework; name = CFNetwork.framework; path = System/Library/Frameworks/CFNetwork.framework; sourceTree = SDKROOT; };
		6384382E1040F1D700D29404 /* CoreData.framework */ = {isa = PBXFileReference; lastKnownFileType = wrapper.framework; name = CoreData.framework; path = System/Library/Frameworks/CoreData.framework; sourceTree = SDKROOT; };
		638438301040F1D700D29404 /* CoreFoundation.framework */ = {isa = PBXFileReference; lastKnownFileType = wrapper.framework; name = CoreFoundation.framework; path = System/Library/Frameworks/CoreFoundation.framework; sourceTree = SDKROOT; };
		638438321040F1D700D29404 /* CoreLocation.framework */ = {isa = PBXFileReference; lastKnownFileType = wrapper.framework; name = CoreLocation.framework; path = System/Library/Frameworks/CoreLocation.framework; sourceTree = SDKROOT; };
		638438341040F1D700D29404 /* GameKit.framework */ = {isa = PBXFileReference; lastKnownFileType = wrapper.framework; name = GameKit.framework; path = System/Library/Frameworks/GameKit.framework; sourceTree = SDKROOT; };
		638438361040F1D700D29404 /* MapKit.framework */ = {isa = PBXFileReference; lastKnownFileType = wrapper.framework; name = MapKit.framework; path = System/Library/Frameworks/MapKit.framework; sourceTree = SDKROOT; };
		638438381040F1D700D29404 /* MediaPlayer.framework */ = {isa = PBXFileReference; lastKnownFileType = wrapper.framework; name = MediaPlayer.framework; path = System/Library/Frameworks/MediaPlayer.framework; sourceTree = SDKROOT; };
		6384383A1040F1D700D29404 /* MessageUI.framework */ = {isa = PBXFileReference; lastKnownFileType = wrapper.framework; name = MessageUI.framework; path = System/Library/Frameworks/MessageUI.framework; sourceTree = SDKROOT; };
		6384383C1040F1D700D29404 /* MobileCoreServices.framework */ = {isa = PBXFileReference; lastKnownFileType = wrapper.framework; name = MobileCoreServices.framework; path = System/Library/Frameworks/MobileCoreServices.framework; sourceTree = SDKROOT; };
		6384383E1040F1D700D29404 /* QuartzCore.framework */ = {isa = PBXFileReference; lastKnownFileType = wrapper.framework; name = QuartzCore.framework; path = System/Library/Frameworks/QuartzCore.framework; sourceTree = SDKROOT; };
		638438401040F1D700D29404 /* Security.framework */ = {isa = PBXFileReference; lastKnownFileType = wrapper.framework; name = Security.framework; path = System/Library/Frameworks/Security.framework; sourceTree = SDKROOT; };
		638438421040F1D700D29404 /* SystemConfiguration.framework */ = {isa = PBXFileReference; lastKnownFileType = wrapper.framework; name = SystemConfiguration.framework; path = System/Library/Frameworks/SystemConfiguration.framework; sourceTree = SDKROOT; };
		6384390F1040F24D00D29404 /* libbz2.dylib */ = {isa = PBXFileReference; lastKnownFileType = "compiled.mach-o.dylib"; name = libbz2.dylib; path = usr/lib/libbz2.dylib; sourceTree = SDKROOT; };
		638439111040F24D00D29404 /* libxml2.dylib */ = {isa = PBXFileReference; lastKnownFileType = "compiled.mach-o.dylib"; name = libxml2.dylib; path = usr/lib/libxml2.dylib; sourceTree = SDKROOT; };
		638439131040F24D00D29404 /* libz.dylib */ = {isa = PBXFileReference; lastKnownFileType = "compiled.mach-o.dylib"; name = libz.dylib; path = usr/lib/libz.dylib; sourceTree = SDKROOT; };
		6384392B1040F3BE00D29404 /* SenTestingKit.framework */ = {isa = PBXFileReference; lastKnownFileType = wrapper.framework; name = SenTestingKit.framework; path = Developer/Library/Frameworks/SenTestingKit.framework; sourceTree = SDKROOT; };
		638F2F1A108AD8DF0021685E /* Settings.bundle */ = {isa = PBXFileReference; lastKnownFileType = "wrapper.plug-in"; name = Settings.bundle; path = Source/Resources/Bundles/Settings.bundle; sourceTree = SOURCE_ROOT; };
		63A8D95A11B8237200232AA8 /* CoreText.framework */ = {isa = PBXFileReference; lastKnownFileType = wrapper.framework; name = CoreText.framework; path = System/Library/Frameworks/CoreText.framework; sourceTree = SDKROOT; };
		63DF3BA411DE51DC00A70D91 /* AddressBook.framework */ = {isa = PBXFileReference; lastKnownFileType = wrapper.framework; name = AddressBook.framework; path = System/Library/Frameworks/AddressBook.framework; sourceTree = SDKROOT; };
		63DF3BA611DE51DC00A70D91 /* AddressBookUI.framework */ = {isa = PBXFileReference; lastKnownFileType = wrapper.framework; name = AddressBookUI.framework; path = System/Library/Frameworks/AddressBookUI.framework; sourceTree = SDKROOT; };
		63DF3BA811DE51DC00A70D91 /* AssetsLibrary.framework */ = {isa = PBXFileReference; lastKnownFileType = wrapper.framework; name = AssetsLibrary.framework; path = System/Library/Frameworks/AssetsLibrary.framework; sourceTree = SDKROOT; };
		63DF3BAD11DE51DC00A70D91 /* CoreMedia.framework */ = {isa = PBXFileReference; lastKnownFileType = wrapper.framework; name = CoreMedia.framework; path = System/Library/Frameworks/CoreMedia.framework; sourceTree = SDKROOT; };
		63DF3BAF11DE51DC00A70D91 /* CoreMotion.framework */ = {isa = PBXFileReference; lastKnownFileType = wrapper.framework; name = CoreMotion.framework; path = System/Library/Frameworks/CoreMotion.framework; sourceTree = SDKROOT; };
		63DF3BB111DE51DC00A70D91 /* CoreTelephony.framework */ = {isa = PBXFileReference; lastKnownFileType = wrapper.framework; name = CoreTelephony.framework; path = System/Library/Frameworks/CoreTelephony.framework; sourceTree = SDKROOT; };
		63DF3BB411DE51DC00A70D91 /* CoreVideo.framework */ = {isa = PBXFileReference; lastKnownFileType = wrapper.framework; name = CoreVideo.framework; path = System/Library/Frameworks/CoreVideo.framework; sourceTree = SDKROOT; };
		63DF3BB611DE51DC00A70D91 /* EventKit.framework */ = {isa = PBXFileReference; lastKnownFileType = wrapper.framework; name = EventKit.framework; path = System/Library/Frameworks/EventKit.framework; sourceTree = SDKROOT; };
		63DF3BB811DE51DC00A70D91 /* EventKitUI.framework */ = {isa = PBXFileReference; lastKnownFileType = wrapper.framework; name = EventKitUI.framework; path = System/Library/Frameworks/EventKitUI.framework; sourceTree = SDKROOT; };
		63DF3BBB11DE51DC00A70D91 /* ImageIO.framework */ = {isa = PBXFileReference; lastKnownFileType = wrapper.framework; name = ImageIO.framework; path = System/Library/Frameworks/ImageIO.framework; sourceTree = SDKROOT; };
		63DF3BC011DE51DC00A70D91 /* QuickLook.framework */ = {isa = PBXFileReference; lastKnownFileType = wrapper.framework; name = QuickLook.framework; path = System/Library/Frameworks/QuickLook.framework; sourceTree = SDKROOT; };
		63DF3BC211DE51DC00A70D91 /* StoreKit.framework */ = {isa = PBXFileReference; lastKnownFileType = wrapper.framework; name = StoreKit.framework; path = System/Library/Frameworks/StoreKit.framework; sourceTree = SDKROOT; };
/* End PBXFileReference section */

/* Begin PBXFrameworksBuildPhase section */
		1D60588F0D05DD3D006BFB54 /* Frameworks */ = {
			isa = PBXFrameworksBuildPhase;
			buildActionMask = 2147483647;
			files = (
				1D60589F0D05DD5A006BFB54 /* Foundation.framework in Frameworks */,
				1DF5F4E00D08C38300B7A737 /* UIKit.framework in Frameworks */,
				6384383F1040F1D700D29404 /* QuartzCore.framework in Frameworks */,
				63B38E3B1246243400060941 /* CoreGraphics.framework in Frameworks */,
				63695E2012492DC200393B5A /* MobileCoreServices.framework in Frameworks */,
			);
			runOnlyForDeploymentPostprocessing = 0;
		};
/* End PBXFrameworksBuildPhase section */

/* Begin PBXGroup section */
		19C28FACFE9D520D11CA2CBB /* Products */ = {
			isa = PBXGroup;
			children = (
				1D6058910D05DD3D006BFB54 /* Navigator.app */,
			);
			name = Products;
			sourceTree = "<group>";
		};
		29B97314FDCFA39411CA2CEA /* CustomTemplate */ = {
			isa = PBXGroup;
			children = (
				19C28FACFE9D520D11CA2CBB /* Products */,
				638438001040EADF00D29404 /* References */,
				638438041040EB4100D29404 /* Configurations */,
				638438171040EB5400D29404 /* Resources */,
				638438141040EB5400D29404 /* Project */,
				638438091040EB5400D29404 /* Classes */,
			);
			name = CustomTemplate;
			sourceTree = "<group>";
		};
		29B97323FDCFA39411CA2CEA /* Frameworks */ = {
			isa = PBXGroup;
			children = (
				63DF3BA411DE51DC00A70D91 /* AddressBook.framework */,
				63DF3BA611DE51DC00A70D91 /* AddressBookUI.framework */,
				63DF3BA811DE51DC00A70D91 /* AssetsLibrary.framework */,
				6384382A1040F1D700D29404 /* AVFoundation.framework */,
				6384382C1040F1D700D29404 /* CFNetwork.framework */,
				6384382E1040F1D700D29404 /* CoreData.framework */,
				638438301040F1D700D29404 /* CoreFoundation.framework */,
				288765FC0DF74451002DB57D /* CoreGraphics.framework */,
				638438321040F1D700D29404 /* CoreLocation.framework */,
				63DF3BAD11DE51DC00A70D91 /* CoreMedia.framework */,
				63DF3BAF11DE51DC00A70D91 /* CoreMotion.framework */,
				63DF3BB111DE51DC00A70D91 /* CoreTelephony.framework */,
				63A8D95A11B8237200232AA8 /* CoreText.framework */,
				63DF3BB411DE51DC00A70D91 /* CoreVideo.framework */,
				63DF3BB611DE51DC00A70D91 /* EventKit.framework */,
				63DF3BB811DE51DC00A70D91 /* EventKitUI.framework */,
				1D30AB110D05D00D00671497 /* Foundation.framework */,
				638438341040F1D700D29404 /* GameKit.framework */,
				63DF3BBB11DE51DC00A70D91 /* ImageIO.framework */,
				638438361040F1D700D29404 /* MapKit.framework */,
				638438381040F1D700D29404 /* MediaPlayer.framework */,
				6384383A1040F1D700D29404 /* MessageUI.framework */,
				6384383C1040F1D700D29404 /* MobileCoreServices.framework */,
				6384383E1040F1D700D29404 /* QuartzCore.framework */,
				63DF3BC011DE51DC00A70D91 /* QuickLook.framework */,
				638438401040F1D700D29404 /* Security.framework */,
				63DF3BC211DE51DC00A70D91 /* StoreKit.framework */,
				638438421040F1D700D29404 /* SystemConfiguration.framework */,
				1DF5F4DF0D08C38300B7A737 /* UIKit.framework */,
			);
			name = Frameworks;
			sourceTree = "<group>";
		};
		632D4100137B338C0030B9BF /* Media */ = {
			isa = PBXGroup;
			children = (
				632D4101137B338C0030B9BF /* Icon */,
				632D410A137B338C0030B9BF /* Images */,
				632D4142137B338C0030B9BF /* Launch */,
			);
			path = Media;
			sourceTree = "<group>";
		};
		632D4101137B338C0030B9BF /* Icon */ = {
			isa = PBXGroup;
			children = (
				632D4102137B338C0030B9BF /* Icon-72.png */,
				632D4103137B338C0030B9BF /* Icon-Small-50.png */,
				632D4104137B338C0030B9BF /* Icon-Small.png */,
				632D4105137B338C0030B9BF /* Icon-Small@2x.png */,
				632D4106137B338C0030B9BF /* Icon.icns */,
				632D4107137B338C0030B9BF /* Icon.png */,
				632D4108137B338C0030B9BF /* Icon@2x.png */,
				632D4109137B338C0030B9BF /* iTunesArtwork */,
			);
			path = Icon;
			sourceTree = "<group>";
		};
		632D410A137B338C0030B9BF /* Images */ = {
			isa = PBXGroup;
			children = (
				632D410B137B338C0030B9BF /* FileTypes */,
				632D411A137B338C0030B9BF /* Placeholder */,
				632D411C137B338C0030B9BF /* Tabs */,
				632D4135137B338C0030B9BF /* Toolbar */,
			);
			path = Images;
			sourceTree = "<group>";
		};
		632D410B137B338C0030B9BF /* FileTypes */ = {
			isa = PBXGroup;
			children = (
				632D410C137B338C0030B9BF /* Large */,
				632D4113137B338C0030B9BF /* Small */,
			);
			path = FileTypes;
			sourceTree = "<group>";
		};
		632D410C137B338C0030B9BF /* Large */ = {
			isa = PBXGroup;
			children = (
				632D410D137B338C0030B9BF /* File@2x.png */,
				632D410E137B338C0030B9BF /* Folder@2x.png */,
				632D410F137B338C0030B9BF /* Image@2x.png */,
				632D4110137B338C0030B9BF /* Pdf@2x.png */,
				632D4111137B338C0030B9BF /* RichText@2x.png */,
				632D4112137B338C0030B9BF /* Text@2x.png */,
			);
			path = Large;
			sourceTree = "<group>";
		};
		632D4113137B338C0030B9BF /* Small */ = {
			isa = PBXGroup;
			children = (
				632D4114137B338C0030B9BF /* File.png */,
				632D4115137B338C0030B9BF /* Folder.png */,
				632D4116137B338C0030B9BF /* Image.png */,
				632D4117137B338C0030B9BF /* Pdf.png */,
				632D4118137B338C0030B9BF /* RichText.png */,
				632D4119137B338C0030B9BF /* Text.png */,
			);
			path = Small;
			sourceTree = "<group>";
		};
		632D411A137B338C0030B9BF /* Placeholder */ = {
			isa = PBXGroup;
			children = (
				632D411B137B338C0030B9BF /* popup-placeholder.png */,
			);
			path = Placeholder;
			sourceTree = "<group>";
		};
		632D411C137B338C0030B9BF /* Tabs */ = {
			isa = PBXGroup;
			children = (
				632D411D137B338C0030B9BF /* action.png */,
				632D411E137B338C0030B9BF /* action@2x.png */,
				632D411F137B338C0030B9BF /* at.png */,
				632D4120137B338C0030B9BF /* at@2x.png */,
				632D4121137B338C0030B9BF /* cog.png */,
				632D4122137B338C0030B9BF /* cog@2x.png */,
				632D4123137B338C0030B9BF /* documents.png */,
				632D4124137B338C0030B9BF /* documents@2x.png */,
				632D4125137B338C0030B9BF /* history.png */,
				632D4126137B338C0030B9BF /* history@2x.png */,
				632D4127137B338C0030B9BF /* map.png */,
				632D4128137B338C0030B9BF /* map@2x.png */,
				632D4129137B338C0030B9BF /* modal.png */,
				632D412A137B338C0030B9BF /* modal@2x.png */,
				632D412B137B338C0030B9BF /* popup.png */,
				632D412C137B338C0030B9BF /* popup@2x.png */,
				632D412D137B338C0030B9BF /* preview.png */,
				632D412E137B338C0030B9BF /* preview@2x.png */,
				632D412F137B338C0030B9BF /* public.png */,
				632D4130137B338C0030B9BF /* public@2x.png */,
				632D4131137B338C0030B9BF /* routes.png */,
				632D4132137B338C0030B9BF /* routes@2x.png */,
				632D4133137B338C0030B9BF /* sendto.png */,
				632D4134137B338C0030B9BF /* sendto@2x.png */,
			);
			path = Tabs;
			sourceTree = "<group>";
		};
		632D4135137B338C0030B9BF /* Toolbar */ = {
			isa = PBXGroup;
			children = (
				632D4136137B338C0030B9BF /* DividerShow.png */,
				632D4137137B338C0030B9BF /* DividerShow@2x.png */,
				632D4138137B338C0030B9BF /* FullScreen.png */,
				632D4139137B338C0030B9BF /* FullScreen@2x.png */,
				632D413A137B338C0030B9BF /* MasterArrow-Bottom.png */,
				632D413B137B338C0030B9BF /* MasterArrow-Bottom@2x.png */,
				632D413C137B338C0030B9BF /* MasterArrow-Left.png */,
				632D413D137B338C0030B9BF /* MasterArrow-Left@2x.png */,
				632D413E137B338C0030B9BF /* MasterArrow-Right.png */,
				632D413F137B338C0030B9BF /* MasterArrow-Right@2x.png */,
				632D4140137B338C0030B9BF /* MasterArrow-Top.png */,
				632D4141137B338C0030B9BF /* MasterArrow-Top@2x.png */,
			);
			path = Toolbar;
			sourceTree = "<group>";
		};
		632D4142137B338C0030B9BF /* Launch */ = {
			isa = PBXGroup;
			children = (
				632D4143137B338C0030B9BF /* Default@2x~iphone.png */,
				632D4144137B338C0030B9BF /* Default~iphone.png */,
				632D4145137B338C0030B9BF /* LaunchPad-Landscape.png */,
				632D4146137B338C0030B9BF /* LaunchPad-Portrait.png */,
			);
			path = Launch;
			sourceTree = "<group>";
		};
		632D4147137B338C0030B9BF /* PropertyLists */ = {
			isa = PBXGroup;
			children = (
				632D4148137B338C0030B9BF /* Info.plist */,
				632D4149137B338C0030B9BF /* UserDefaults.plist */,
			);
			path = PropertyLists;
			sourceTree = "<group>";
		};
		632D4189137B33B90030B9BF /* ApplicationDelegate */ = {
			isa = PBXGroup;
			children = (
				632D418A137B33B90030B9BF /* NVCApplicationDelegate.h */,
				632D418C137B33B90030B9BF /* NVCUserDefaults.h */,
				632D418B137B33B90030B9BF /* NVCApplicationDelegate.m */,
				632D418D137B33B90030B9BF /* NVCUserDefaults.m */,
			);
			path = ApplicationDelegate;
			sourceTree = "<group>";
		};
		632D418E137B33B90030B9BF /* Controllers */ = {
			isa = PBXGroup;
			children = (
				632D418F137B33B90030B9BF /* NVCContentTableViewController.h */,
				632D4191137B33B90030B9BF /* NVCDetailViewController.h */,
				632D4193137B33B90030B9BF /* NVCDocumentsFolderViewController.h */,
				632D4195137B33B90030B9BF /* NVCHistoryViewController.h */,
				632D4197137B33B90030B9BF /* NVCMappingTableViewController.h */,
				632D4199137B33B90030B9BF /* NVCNavigationBarViewController.h */,
				632D419B137B33B90030B9BF /* NVCSettingsViewController.h */,
				632D4190137B33B90030B9BF /* NVCContentTableViewController.m */,
				632D4192137B33B90030B9BF /* NVCDetailViewController.m */,
				632D4194137B33B90030B9BF /* NVCDocumentsFolderViewController.m */,
				632D4196137B33B90030B9BF /* NVCHistoryViewController.m */,
				632D4198137B33B90030B9BF /* NVCMappingTableViewController.m */,
				632D419A137B33B90030B9BF /* NVCNavigationBarViewController.m */,
				632D419C137B33B90030B9BF /* NVCSettingsViewController.m */,
			);
			path = Controllers;
			sourceTree = "<group>";
		};
		632D419D137B33B90030B9BF /* Views */ = {
			isa = PBXGroup;
			children = (
				632D419E137B33B90030B9BF /* NVCBackgroundView.h */,
				632D419F137B33B90030B9BF /* NVCBackgroundView.m */,
			);
			path = Views;
			sourceTree = "<group>";
		};
		638438001040EADF00D29404 /* References */ = {
			isa = PBXGroup;
			children = (
				6384390E1040F20A00D29404 /* Projects */,
				29B97323FDCFA39411CA2CEA /* Frameworks */,
				6384390D1040F20300D29404 /* Libraries */,
				6384395C1040F70800D29404 /* UnitTest */,
			);
			name = References;
			sourceTree = "<group>";
		};
		638438041040EB4100D29404 /* Configurations */ = {
			isa = PBXGroup;
			children = (
				638438071040EB4100D29404 /* Project.xcconfig */,
				638438061040EB4100D29404 /* Application.xcconfig */,
				632D40F8137B32500030B9BF /* Debug.xcconfig */,
				632D40F9137B32500030B9BF /* Release.xcconfig */,
			);
			path = Configurations;
			sourceTree = "<group>";
		};
		638438091040EB5400D29404 /* Classes */ = {
			isa = PBXGroup;
			children = (
				632D4189137B33B90030B9BF /* ApplicationDelegate */,
				632D418E137B33B90030B9BF /* Controllers */,
				632D419D137B33B90030B9BF /* Views */,
			);
			name = Classes;
			path = Source/Classes;
			sourceTree = SOURCE_ROOT;
		};
		638438141040EB5400D29404 /* Project */ = {
			isa = PBXGroup;
			children = (
				638438151040EB5400D29404 /* NavigatorCatalog.pch */,
				638438161040EB5400D29404 /* main.m */,
			);
			name = Project;
			path = Source/Project;
			sourceTree = SOURCE_ROOT;
		};
		638438171040EB5400D29404 /* Resources */ = {
			isa = PBXGroup;
			children = (
				638F2F19108AD8DF0021685E /* Bundles */,
				638438181040EB5400D29404 /* Localizations */,
				632D4100137B338C0030B9BF /* Media */,
				632D4147137B338C0030B9BF /* PropertyLists */,
			);
			name = Resources;
			path = Source/Resources;
			sourceTree = SOURCE_ROOT;
		};
		638438181040EB5400D29404 /* Localizations */ = {
			isa = PBXGroup;
			children = (
				638438191040EB5400D29404 /* InfoPlist.strings */,
				6384381B1040EB5400D29404 /* Localizable.strings */,
			);
			name = Localizations;
			path = Source/Resources/Localizations;
			sourceTree = SOURCE_ROOT;
		};
		6384390D1040F20300D29404 /* Libraries */ = {
			isa = PBXGroup;
			children = (
				6384390F1040F24D00D29404 /* libbz2.dylib */,
				638439111040F24D00D29404 /* libxml2.dylib */,
				638439131040F24D00D29404 /* libz.dylib */,
			);
			name = Libraries;
			sourceTree = "<group>";
		};
		6384390E1040F20A00D29404 /* Projects */ = {
			isa = PBXGroup;
			children = (
			);
			name = Projects;
			sourceTree = "<group>";
		};
		6384395C1040F70800D29404 /* UnitTest */ = {
			isa = PBXGroup;
			children = (
				6384392B1040F3BE00D29404 /* SenTestingKit.framework */,
			);
			name = UnitTest;
			sourceTree = "<group>";
		};
		638F2F19108AD8DF0021685E /* Bundles */ = {
			isa = PBXGroup;
			children = (
				638F2F1A108AD8DF0021685E /* Settings.bundle */,
			);
			name = Bundles;
			path = Source/Resources/Bundles;
			sourceTree = SOURCE_ROOT;
		};
/* End PBXGroup section */

/* Begin PBXNativeTarget section */
		1D6058900D05DD3D006BFB54 /* NavigatorCatalog */ = {
			isa = PBXNativeTarget;
			buildConfigurationList = 1D6058960D05DD3E006BFB54 /* Build configuration list for PBXNativeTarget "NavigatorCatalog" */;
			buildPhases = (
				1D60588E0D05DD3D006BFB54 /* Sources */,
				1D60588D0D05DD3D006BFB54 /* Resources */,
				1D60588F0D05DD3D006BFB54 /* Frameworks */,
				638438031040EAF800D29404 /* Copy Library Support Bundles */,
			);
			buildRules = (
			);
			dependencies = (
			);
			name = NavigatorCatalog;
			productName = NavigatorCatalog;
			productReference = 1D6058910D05DD3D006BFB54 /* Navigator.app */;
			productType = "com.apple.product-type.application";
		};
/* End PBXNativeTarget section */

/* Begin PBXProject section */
		29B97313FDCFA39411CA2CEA /* Project object */ = {
			isa = PBXProject;
			attributes = {
				ORGANIZATIONNAME = Semantap;
			};
			buildConfigurationList = C01FCF4E08A954540054247B /* Build configuration list for PBXProject "NavigatorCatalog" */;
			compatibilityVersion = "Xcode 3.2";
			developmentRegion = English;
			hasScannedForEncodings = 1;
			knownRegions = (
				English,
				Japanese,
				French,
				German,
				en,
			);
			mainGroup = 29B97314FDCFA39411CA2CEA /* CustomTemplate */;
			projectDirPath = "";
			projectRoot = "";
			targets = (
				1D6058900D05DD3D006BFB54 /* NavigatorCatalog */,
			);
		};
/* End PBXProject section */

/* Begin PBXResourcesBuildPhase section */
		1D60588D0D05DD3D006BFB54 /* Resources */ = {
			isa = PBXResourcesBuildPhase;
			buildActionMask = 2147483647;
			files = (
				6384395F1040F75F00D29404 /* Localizable.strings in Resources */,
				638439601040F76100D29404 /* InfoPlist.strings in Resources */,
				638F2F1B108AD8DF0021685E /* Settings.bundle in Resources */,
				632D414A137B338C0030B9BF /* Icon-72.png in Resources */,
				632D414B137B338C0030B9BF /* Icon-Small-50.png in Resources */,
				632D414C137B338C0030B9BF /* Icon-Small.png in Resources */,
				632D414D137B338C0030B9BF /* Icon-Small@2x.png in Resources */,
				632D414E137B338C0030B9BF /* Icon.icns in Resources */,
				632D414F137B338C0030B9BF /* Icon.png in Resources */,
				632D4150137B338C0030B9BF /* Icon@2x.png in Resources */,
				632D4151137B338C0030B9BF /* iTunesArtwork in Resources */,
				632D4152137B338C0030B9BF /* File@2x.png in Resources */,
				632D4153137B338C0030B9BF /* Folder@2x.png in Resources */,
				632D4154137B338C0030B9BF /* Image@2x.png in Resources */,
				632D4155137B338C0030B9BF /* Pdf@2x.png in Resources */,
				632D4156137B338C0030B9BF /* RichText@2x.png in Resources */,
				632D4157137B338C0030B9BF /* Text@2x.png in Resources */,
				632D4158137B338C0030B9BF /* File.png in Resources */,
				632D4159137B338C0030B9BF /* Folder.png in Resources */,
				632D415A137B338C0030B9BF /* Image.png in Resources */,
				632D415B137B338C0030B9BF /* Pdf.png in Resources */,
				632D415C137B338C0030B9BF /* RichText.png in Resources */,
				632D415D137B338C0030B9BF /* Text.png in Resources */,
				632D415E137B338C0030B9BF /* popup-placeholder.png in Resources */,
				632D415F137B338C0030B9BF /* action.png in Resources */,
				632D4160137B338C0030B9BF /* action@2x.png in Resources */,
				632D4161137B338C0030B9BF /* at.png in Resources */,
				632D4162137B338C0030B9BF /* at@2x.png in Resources */,
				632D4163137B338C0030B9BF /* cog.png in Resources */,
				632D4164137B338C0030B9BF /* cog@2x.png in Resources */,
				632D4165137B338C0030B9BF /* documents.png in Resources */,
				632D4166137B338C0030B9BF /* documents@2x.png in Resources */,
				632D4167137B338C0030B9BF /* history.png in Resources */,
				632D4168137B338C0030B9BF /* history@2x.png in Resources */,
				632D4169137B338C0030B9BF /* map.png in Resources */,
				632D416A137B338C0030B9BF /* map@2x.png in Resources */,
				632D416B137B338C0030B9BF /* modal.png in Resources */,
				632D416C137B338C0030B9BF /* modal@2x.png in Resources */,
				632D416D137B338C0030B9BF /* popup.png in Resources */,
				632D416E137B338C0030B9BF /* popup@2x.png in Resources */,
				632D416F137B338C0030B9BF /* preview.png in Resources */,
				632D4170137B338C0030B9BF /* preview@2x.png in Resources */,
				632D4171137B338C0030B9BF /* public.png in Resources */,
				632D4172137B338C0030B9BF /* public@2x.png in Resources */,
				632D4173137B338C0030B9BF /* routes.png in Resources */,
				632D4174137B338C0030B9BF /* routes@2x.png in Resources */,
				632D4175137B338C0030B9BF /* sendto.png in Resources */,
				632D4176137B338C0030B9BF /* sendto@2x.png in Resources */,
				632D4177137B338C0030B9BF /* DividerShow.png in Resources */,
				632D4178137B338C0030B9BF /* DividerShow@2x.png in Resources */,
				632D4179137B338C0030B9BF /* FullScreen.png in Resources */,
				632D417A137B338C0030B9BF /* FullScreen@2x.png in Resources */,
				632D417B137B338C0030B9BF /* MasterArrow-Bottom.png in Resources */,
				632D417C137B338C0030B9BF /* MasterArrow-Bottom@2x.png in Resources */,
				632D417D137B338C0030B9BF /* MasterArrow-Left.png in Resources */,
				632D417E137B338C0030B9BF /* MasterArrow-Left@2x.png in Resources */,
				632D417F137B338C0030B9BF /* MasterArrow-Right.png in Resources */,
				632D4180137B338C0030B9BF /* MasterArrow-Right@2x.png in Resources */,
				632D4181137B338C0030B9BF /* MasterArrow-Top.png in Resources */,
				632D4182137B338C0030B9BF /* MasterArrow-Top@2x.png in Resources */,
				632D4183137B338C0030B9BF /* Default@2x~iphone.png in Resources */,
				632D4184137B338C0030B9BF /* Default~iphone.png in Resources */,
				632D4185137B338C0030B9BF /* LaunchPad-Landscape.png in Resources */,
				632D4186137B338C0030B9BF /* LaunchPad-Portrait.png in Resources */,
				632D4188137B338C0030B9BF /* UserDefaults.plist in Resources */,
			);
			runOnlyForDeploymentPostprocessing = 0;
		};
/* End PBXResourcesBuildPhase section */

/* Begin PBXShellScriptBuildPhase section */
		638438031040EAF800D29404 /* Copy Library Support Bundles */ = {
			isa = PBXShellScriptBuildPhase;
			buildActionMask = 2147483647;
			files = (
			);
			inputPaths = (
			);
			name = "Copy Library Support Bundles";
			outputPaths = (
			);
			runOnlyForDeploymentPostprocessing = 0;
			shellPath = /bin/tcsh;
			shellScript = "#${SCRIPT_COPY_RESOURCE_BUNDLE} ${MYLIBRARYKIT_RESOURCE_BUNDLE_NAME}";
		};
/* End PBXShellScriptBuildPhase section */

/* Begin PBXSourcesBuildPhase section */
		1D60588E0D05DD3D006BFB54 /* Sources */ = {
			isa = PBXSourcesBuildPhase;
			buildActionMask = 2147483647;
			files = (
				6384395E1040F72D00D29404 /* main.m in Sources */,
				632D41A0137B33B90030B9BF /* NVCApplicationDelegate.m in Sources */,
				632D41A1137B33B90030B9BF /* NVCUserDefaults.m in Sources */,
				632D41A2137B33B90030B9BF /* NVCContentTableViewController.m in Sources */,
				632D41A3137B33B90030B9BF /* NVCDetailViewController.m in Sources */,
				632D41A4137B33B90030B9BF /* NVCDocumentsFolderViewController.m in Sources */,
				632D41A5137B33B90030B9BF /* NVCHistoryViewController.m in Sources */,
				632D41A6137B33B90030B9BF /* NVCMappingTableViewController.m in Sources */,
				632D41A7137B33B90030B9BF /* NVCNavigationBarViewController.m in Sources */,
				632D41A8137B33B90030B9BF /* NVCSettingsViewController.m in Sources */,
				632D41A9137B33B90030B9BF /* NVCBackgroundView.m in Sources */,
			);
			runOnlyForDeploymentPostprocessing = 0;
		};
/* End PBXSourcesBuildPhase section */

/* Begin PBXVariantGroup section */
		638438191040EB5400D29404 /* InfoPlist.strings */ = {
			isa = PBXVariantGroup;
			children = (
				6384381A1040EB5400D29404 /* en */,
			);
			name = InfoPlist.strings;
			path = Source/Resources/Localizations;
			sourceTree = SOURCE_ROOT;
		};
		6384381B1040EB5400D29404 /* Localizable.strings */ = {
			isa = PBXVariantGroup;
			children = (
				6384381C1040EB5400D29404 /* en */,
			);
			name = Localizable.strings;
			path = Source/Resources/Localizations;
			sourceTree = SOURCE_ROOT;
		};
/* End PBXVariantGroup section */

/* Begin XCBuildConfiguration section */
		1D6058940D05DD3E006BFB54 /* Debug */ = {
			isa = XCBuildConfiguration;
			baseConfigurationReference = 632D40F8137B32500030B9BF /* Debug.xcconfig */;
			buildSettings = {
			};
			name = Debug;
		};
		1D6058950D05DD3E006BFB54 /* Release */ = {
			isa = XCBuildConfiguration;
			baseConfigurationReference = 632D40F9137B32500030B9BF /* Release.xcconfig */;
			buildSettings = {
			};
			name = Release;
		};
		C01FCF4F08A954540054247B /* Debug */ = {
			isa = XCBuildConfiguration;
			baseConfigurationReference = 638438071040EB4100D29404 /* Project.xcconfig */;
			buildSettings = {
			};
			name = Debug;
		};
		C01FCF5008A954540054247B /* Release */ = {
			isa = XCBuildConfiguration;
			baseConfigurationReference = 638438071040EB4100D29404 /* Project.xcconfig */;
			buildSettings = {
			};
			name = Release;
		};
/* End XCBuildConfiguration section */

/* Begin XCConfigurationList section */
		1D6058960D05DD3E006BFB54 /* Build configuration list for PBXNativeTarget "NavigatorCatalog" */ = {
			isa = XCConfigurationList;
			buildConfigurations = (
				1D6058940D05DD3E006BFB54 /* Debug */,
				1D6058950D05DD3E006BFB54 /* Release */,
			);
			defaultConfigurationIsVisible = 0;
			defaultConfigurationName = Release;
		};
		C01FCF4E08A954540054247B /* Build configuration list for PBXProject "NavigatorCatalog" */ = {
			isa = XCConfigurationList;
			buildConfigurations = (
				C01FCF4F08A954540054247B /* Debug */,
				C01FCF5008A954540054247B /* Release */,
			);
			defaultConfigurationIsVisible = 0;
			defaultConfigurationName = Release;
		};
/* End XCConfigurationList section */
	};
	rootObject = 29B97313FDCFA39411CA2CEA /* Project object */;
}
